
Microsoft Visual Studio Solution File, Format Version 12.00
# Visual Studio 15
VisualStudioVersion = 15.0.28010.2036
MinimumVisualStudioVersion = 10.0.40219.1
Project("{FAE04EC0-301F-11D3-BF4B-00C04F79EFBC}") = "4MediaPlayer", "4MediaPlayer\4MediaPlayer.csproj", "{1096BA84-EDB3-4F0D-B409-45889C2C6864}"
EndProject
Global
	GlobalSection(SolutionConfigurationPlatforms) = preSolution
		Debug|Any CPU = Debug|Any CPU
		Release|Any CPU = Release|Any CPU
	EndGlobalSection
	GlobalSection(ProjectConfigurationPlatforms) = postSolution
		{1096BA84-EDB3-4F0D-B409-45889C2C6864}.Debug|Any CPU.ActiveCfg = Debug|Any CPU
		{1096BA84-EDB3-4F0D-B409-45889C2C6864}.Debug|Any CPU.Build.0 = Debug|Any CPU
		{1096BA84-EDB3-4F0D-B409-45889C2C6864}.Release|Any CPU.ActiveCfg = Release|Any CPU
		{1096BA84-EDB3-4F0D-B409-45889C2C6864}.Release|Any CPU.Build.0 = Release|Any CPU
	EndGlobalSection
	GlobalSection(SolutionProperties) = preSolution
		HideSolutionNode = FALSE
	EndGlobalSection
	GlobalSection(ExtensibilityGlobals) = postSolution
		SolutionGuid = {65904229-A367-415D-BC88-31507EC94FC5}
	EndGlobalSection
EndGlobal
